
Microsoft Visual Studio Solution File, Format Version 12.00
# Visual Studio Version 17
VisualStudioVersion = 17.1.32328.378
MinimumVisualStudioVersion = 10.0.40219.1
Project("{FAE04EC0-301F-11D3-BF4B-00C04F79EFBC}") = "AutotestTask", "AutotestTask\AutotestTask.csproj", "{2EE57848-9FCD-4797-AB49-0760CFB5C092}"
EndProject
Global
	GlobalSection(SolutionConfigurationPlatforms) = preSolution
		Debug|Any CPU = Debug|Any CPU
		Release|Any CPU = Release|Any CPU
	EndGlobalSection
	GlobalSection(ProjectConfigurationPlatforms) = postSolution
		{2EE57848-9FCD-4797-AB49-0760CFB5C092}.Debug|Any CPU.ActiveCfg = Debug|Any CPU
		{2EE57848-9FCD-4797-AB49-0760CFB5C092}.Debug|Any CPU.Build.0 = Debug|Any CPU
		{2EE57848-9FCD-4797-AB49-0760CFB5C092}.Release|Any CPU.ActiveCfg = Release|Any CPU
		{2EE57848-9FCD-4797-AB49-0760CFB5C092}.Release|Any CPU.Build.0 = Release|Any CPU
	EndGlobalSection
	GlobalSection(SolutionProperties) = preSolution
		HideSolutionNode = FALSE
	EndGlobalSection
	GlobalSection(ExtensibilityGlobals) = postSolution
		SolutionGuid = {9C28C31B-F6BF-460D-A11F-5F52CBFEBF8F}
	EndGlobalSection
EndGlobal
